
Microsoft Visual Studio Solution File, Format Version 12.00
# Visual Studio 15
VisualStudioVersion = 15.0.27428.1
MinimumVisualStudioVersion = 10.0.40219.1
Project("{FAE04EC0-301F-11D3-BF4B-00C04F79EFBC}") = "frontend", "frontend\frontend.csproj", "{00A20241-8C0E-4A3E-B135-1AAD51550063}"
EndProject
Global
	GlobalSection(SolutionConfigurationPlatforms) = preSolution
		Debug|Any CPU = Debug|Any CPU
		Release|Any CPU = Release|Any CPU
	EndGlobalSection
	GlobalSection(ProjectConfigurationPlatforms) = postSolution
		{00A20241-8C0E-4A3E-B135-1AAD51550063}.Debug|Any CPU.ActiveCfg = Debug|Any CPU
		{00A20241-8C0E-4A3E-B135-1AAD51550063}.Debug|Any CPU.Build.0 = Debug|Any CPU
		{00A20241-8C0E-4A3E-B135-1AAD51550063}.Release|Any CPU.ActiveCfg = Release|Any CPU
		{00A20241-8C0E-4A3E-B135-1AAD51550063}.Release|Any CPU.Build.0 = Release|Any CPU
	EndGlobalSection
	GlobalSection(SolutionProperties) = preSolution
		HideSolutionNode = FALSE
	EndGlobalSection
	GlobalSection(ExtensibilityGlobals) = postSolution
		SolutionGuid = {C3CEACD9-7BCA-444D-9F4A-00BCD532343B}
	EndGlobalSection
EndGlobal
